
Microsoft Visual Studio Solution File, Format Version 12.00
# Visual Studio Version 17
VisualStudioVersion = 17.8.34511.84
MinimumVisualStudioVersion = 10.0.40219.1
Project("{FAE04EC0-301F-11D3-BF4B-00C04F79EFBC}") = "Exercice04", "Exercice04\Exercice04.csproj", "{C7A1C004-50DB-4DB4-91CB-EB54E9428D72}"
EndProject
Global
	GlobalSection(SolutionConfigurationPlatforms) = preSolution
		Debug|Any CPU = Debug|Any CPU
		Release|Any CPU = Release|Any CPU
	EndGlobalSection
	GlobalSection(ProjectConfigurationPlatforms) = postSolution
		{C7A1C004-50DB-4DB4-91CB-EB54E9428D72}.Debug|Any CPU.ActiveCfg = Debug|Any CPU
		{C7A1C004-50DB-4DB4-91CB-EB54E9428D72}.Debug|Any CPU.Build.0 = Debug|Any CPU
		{C7A1C004-50DB-4DB4-91CB-EB54E9428D72}.Release|Any CPU.ActiveCfg = Release|Any CPU
		{C7A1C004-50DB-4DB4-91CB-EB54E9428D72}.Release|Any CPU.Build.0 = Release|Any CPU
	EndGlobalSection
	GlobalSection(SolutionProperties) = preSolution
		HideSolutionNode = FALSE
	EndGlobalSection
	GlobalSection(ExtensibilityGlobals) = postSolution
		SolutionGuid = {9E20F97F-81F6-4625-AC5E-90D5B85F2E13}
	EndGlobalSection
EndGlobal
